
Microsoft Visual Studio Solution File, Format Version 12.00
# Visual Studio Version 17
VisualStudioVersion = 17.5.002.0
MinimumVisualStudioVersion = 10.0.40219.1
Project("{9A19103F-16F7-4668-BE54-9A1E7A4F7556}") = "My Awesome Program", "My Awesome Program.csproj", "{F1735858-5105-42A2-984B-D8271499FC40}"
EndProject
Global
	GlobalSection(SolutionConfigurationPlatforms) = preSolution
		Debug|Any CPU = Debug|Any CPU
		Release|Any CPU = Release|Any CPU
	EndGlobalSection
	GlobalSection(ProjectConfigurationPlatforms) = postSolution
		{F1735858-5105-42A2-984B-D8271499FC40}.Debug|Any CPU.ActiveCfg = Debug|Any CPU
		{F1735858-5105-42A2-984B-D8271499FC40}.Debug|Any CPU.Build.0 = Debug|Any CPU
		{F1735858-5105-42A2-984B-D8271499FC40}.Release|Any CPU.ActiveCfg = Release|Any CPU
		{F1735858-5105-42A2-984B-D8271499FC40}.Release|Any CPU.Build.0 = Release|Any CPU
	EndGlobalSection
	GlobalSection(SolutionProperties) = preSolution
		HideSolutionNode = FALSE
	EndGlobalSection
	GlobalSection(ExtensibilityGlobals) = postSolution
		SolutionGuid = {6482768B-40F7-4CD6-9D1D-49381FFD7897}
	EndGlobalSection
EndGlobal
