
Microsoft Visual Studio Solution File, Format Version 12.00
# Visual Studio Version 17
VisualStudioVersion = 17.5.002.0
MinimumVisualStudioVersion = 10.0.40219.1
Project("{9A19103F-16F7-4668-BE54-9A1E7A4F7556}") = "username", "username.csproj", "{1EE32C8A-0F23-4BB4-9043-14325E5A6C57}"
EndProject
Global
	GlobalSection(SolutionConfigurationPlatforms) = preSolution
		Debug|Any CPU = Debug|Any CPU
		Release|Any CPU = Release|Any CPU
	EndGlobalSection
	GlobalSection(ProjectConfigurationPlatforms) = postSolution
		{1EE32C8A-0F23-4BB4-9043-14325E5A6C57}.Debug|Any CPU.ActiveCfg = Debug|Any CPU
		{1EE32C8A-0F23-4BB4-9043-14325E5A6C57}.Debug|Any CPU.Build.0 = Debug|Any CPU
		{1EE32C8A-0F23-4BB4-9043-14325E5A6C57}.Release|Any CPU.ActiveCfg = Release|Any CPU
		{1EE32C8A-0F23-4BB4-9043-14325E5A6C57}.Release|Any CPU.Build.0 = Release|Any CPU
	EndGlobalSection
	GlobalSection(SolutionProperties) = preSolution
		HideSolutionNode = FALSE
	EndGlobalSection
	GlobalSection(ExtensibilityGlobals) = postSolution
		SolutionGuid = {64BD5C7C-715A-45F3-A08F-07505911CF42}
	EndGlobalSection
EndGlobal
